
Microsoft Visual Studio Solution File, Format Version 12.00
# Visual Studio Version 17
VisualStudioVersion = 17.11.35431.28
MinimumVisualStudioVersion = 10.0.40219.1
Project("{8BC9CEB8-8B4A-11D0-8D11-00A0C91BC942}") = "letter_to_friend.cpp", "letter_to_friend.cpp.vcxproj", "{EA835348-860C-4276-A5C4-788761F02BE2}"
EndProject
Global
	GlobalSection(SolutionConfigurationPlatforms) = preSolution
		Debug|x64 = Debug|x64
		Debug|x86 = Debug|x86
		Release|x64 = Release|x64
		Release|x86 = Release|x86
	EndGlobalSection
	GlobalSection(ProjectConfigurationPlatforms) = postSolution
		{EA835348-860C-4276-A5C4-788761F02BE2}.Debug|x64.ActiveCfg = Debug|x64
		{EA835348-860C-4276-A5C4-788761F02BE2}.Debug|x64.Build.0 = Debug|x64
		{EA835348-860C-4276-A5C4-788761F02BE2}.Debug|x86.ActiveCfg = Debug|Win32
		{EA835348-860C-4276-A5C4-788761F02BE2}.Debug|x86.Build.0 = Debug|Win32
		{EA835348-860C-4276-A5C4-788761F02BE2}.Release|x64.ActiveCfg = Release|x64
		{EA835348-860C-4276-A5C4-788761F02BE2}.Release|x64.Build.0 = Release|x64
		{EA835348-860C-4276-A5C4-788761F02BE2}.Release|x86.ActiveCfg = Release|Win32
		{EA835348-860C-4276-A5C4-788761F02BE2}.Release|x86.Build.0 = Release|Win32
	EndGlobalSection
	GlobalSection(SolutionProperties) = preSolution
		HideSolutionNode = FALSE
	EndGlobalSection
	GlobalSection(ExtensibilityGlobals) = postSolution
		SolutionGuid = {1494B30B-F289-43B6-804A-CDAE717705DB}
	EndGlobalSection
EndGlobal
