
Microsoft Visual Studio Solution File, Format Version 12.00
# Visual Studio Version 17
VisualStudioVersion = 17.11.35431.28
MinimumVisualStudioVersion = 10.0.40219.1
Project("{8BC9CEB8-8B4A-11D0-8D11-00A0C91BC942}") = "calculator02buggy", "calculator02buggy.vcxproj", "{AF8928B6-CC6C-417E-8B2D-D89E25C90EBF}"
EndProject
Global
	GlobalSection(SolutionConfigurationPlatforms) = preSolution
		Debug|x64 = Debug|x64
		Debug|x86 = Debug|x86
		Release|x64 = Release|x64
		Release|x86 = Release|x86
	EndGlobalSection
	GlobalSection(ProjectConfigurationPlatforms) = postSolution
		{AF8928B6-CC6C-417E-8B2D-D89E25C90EBF}.Debug|x64.ActiveCfg = Debug|x64
		{AF8928B6-CC6C-417E-8B2D-D89E25C90EBF}.Debug|x64.Build.0 = Debug|x64
		{AF8928B6-CC6C-417E-8B2D-D89E25C90EBF}.Debug|x86.ActiveCfg = Debug|Win32
		{AF8928B6-CC6C-417E-8B2D-D89E25C90EBF}.Debug|x86.Build.0 = Debug|Win32
		{AF8928B6-CC6C-417E-8B2D-D89E25C90EBF}.Release|x64.ActiveCfg = Release|x64
		{AF8928B6-CC6C-417E-8B2D-D89E25C90EBF}.Release|x64.Build.0 = Release|x64
		{AF8928B6-CC6C-417E-8B2D-D89E25C90EBF}.Release|x86.ActiveCfg = Release|Win32
		{AF8928B6-CC6C-417E-8B2D-D89E25C90EBF}.Release|x86.Build.0 = Release|Win32
	EndGlobalSection
	GlobalSection(SolutionProperties) = preSolution
		HideSolutionNode = FALSE
	EndGlobalSection
	GlobalSection(ExtensibilityGlobals) = postSolution
		SolutionGuid = {DE16036A-632C-4547-893B-D105E0F34F94}
	EndGlobalSection
EndGlobal
